
Microsoft Visual Studio Solution File, Format Version 12.00
# Visual Studio Version 16
VisualStudioVersion = 16.0.30804.86
MinimumVisualStudioVersion = 10.0.40219.1
Project("{FAE04EC0-301F-11D3-BF4B-00C04F79EFBC}") = "BananaFarmer", "BananaFarmer.csproj", "{561A9956-B233-4A83-87E5-D886071BC206}"
EndProject
Global
	GlobalSection(SolutionConfigurationPlatforms) = preSolution
		Debug|Any CPU = Debug|Any CPU
		Release|Any CPU = Release|Any CPU
	EndGlobalSection
	GlobalSection(ProjectConfigurationPlatforms) = postSolution
		{561A9956-B233-4A83-87E5-D886071BC206}.Debug|Any CPU.ActiveCfg = Debug|Any CPU
		{561A9956-B233-4A83-87E5-D886071BC206}.Debug|Any CPU.Build.0 = Debug|Any CPU
		{561A9956-B233-4A83-87E5-D886071BC206}.Release|Any CPU.ActiveCfg = Release|Any CPU
		{561A9956-B233-4A83-87E5-D886071BC206}.Release|Any CPU.Build.0 = Release|Any CPU
	EndGlobalSection
	GlobalSection(SolutionProperties) = preSolution
		HideSolutionNode = FALSE
	EndGlobalSection
	GlobalSection(ExtensibilityGlobals) = postSolution
		SolutionGuid = {36D0B716-8DE9-4C00-806E-00D61C105C92}
	EndGlobalSection
EndGlobal
